# THIS IS AN AUTOGENERATED FILE. DO NOT EDIT THIS FILE DIRECTLY.
# yarn lockfile v1


"@types/lodash@^4.14.161":
  version "4.14.168"
  resolved "https://registry.yarnpkg.com/@types/lodash/-/lodash-4.14.168.tgz#fe24632e79b7ade3f132891afff86caa5e5ce008"
  integrity sha512-oVfRvqHV/V6D1yifJbVRU3TMp8OT6o6BG+U9MkwuJ3U8/CsDHvalRpsxBqivn71ztOFZBTfJMvETbqHiaNSj7Q==

"@types/md5@^2.2.1":
  version "2.3.0"
  resolved "https://registry.yarnpkg.com/@types/md5/-/md5-2.3.0.tgz#3b6a623091160f4dc75be3173e25f2110dc3fa1f"
  integrity sha512-556YJ7ejzxIqSSxzyGGpctuZOarNZJt/zlEkhmmDc1f/slOEANHuwu2ZX7YaZ40rMiWoxt8GvAhoDpW1cmSy6A==
  dependencies:
    "@types/node" "*"

"@types/node@*":
  version "14.14.32"
  resolved "https://registry.yarnpkg.com/@types/node/-/node-14.14.32.tgz#90c5c4a8d72bbbfe53033f122341343249183448"
  integrity sha512-/Ctrftx/zp4m8JOujM5ZhwzlWLx22nbQJiVqz8/zE15gOeEW+uly3FSX4fGFpcfEvFzXcMCJwq9lGVWgyARXhg==

date-fns@^2.18.0:
  version "2.19.0"
  resolved "https://registry.yarnpkg.com/date-fns/-/date-fns-2.19.0.tgz#65193348635a28d5d916c43ec7ce6fbd145059e1"
  integrity sha512-X3bf2iTPgCAQp9wvjOQytnf5vO5rESYRXlPIVcgSbtT5OTScPcsf9eZU+B/YIkKAtYr5WeCii58BgATrNitlWg==

lodash@^4.17.21:
  version "4.17.21"
  resolved "https://registry.yarnpkg.com/lodash/-/lodash-4.17.21.tgz#679591c564c3bffaae8454cf0b3df370c3d6911c"
  integrity sha512-v2kDEe57lecTulaDIuNTPy3Ry4gLGJ6Z1O3vE1krgXZNrsQ+LFTGHVxVjcXPs17LhbZVGedAJv8XZ1tvj5FvSg==
